
Microsoft Visual Studio Solution File, Format Version 12.00
# Visual Studio 15
VisualStudioVersion = 15.0.27428.2002
MinimumVisualStudioVersion = 10.0.40219.1
Project("{FAE04EC0-301F-11D3-BF4B-00C04F79EFBC}") = "FolderHierarchy.Web", "FolderHierarchy\FolderHierarchy.Web.csproj", "{1E2E8882-335F-43CC-99FA-E45E37FC5523}"
EndProject
Project("{FAE04EC0-301F-11D3-BF4B-00C04F79EFBC}") = "FolderHierarchy.Core", "FolderHierarchy.Core\FolderHierarchy.Core.csproj", "{A644FC79-37C6-4628-8523-5EB8A0EFDB61}"
EndProject
Global
	GlobalSection(SolutionConfigurationPlatforms) = preSolution
		Debug|Any CPU = Debug|Any CPU
		Release|Any CPU = Release|Any CPU
	EndGlobalSection
	GlobalSection(ProjectConfigurationPlatforms) = postSolution
		{1E2E8882-335F-43CC-99FA-E45E37FC5523}.Debug|Any CPU.ActiveCfg = Debug|Any CPU
		{1E2E8882-335F-43CC-99FA-E45E37FC5523}.Debug|Any CPU.Build.0 = Debug|Any CPU
		{1E2E8882-335F-43CC-99FA-E45E37FC5523}.Release|Any CPU.ActiveCfg = Release|Any CPU
		{1E2E8882-335F-43CC-99FA-E45E37FC5523}.Release|Any CPU.Build.0 = Release|Any CPU
		{A644FC79-37C6-4628-8523-5EB8A0EFDB61}.Debug|Any CPU.ActiveCfg = Debug|Any CPU
		{A644FC79-37C6-4628-8523-5EB8A0EFDB61}.Debug|Any CPU.Build.0 = Debug|Any CPU
		{A644FC79-37C6-4628-8523-5EB8A0EFDB61}.Release|Any CPU.ActiveCfg = Release|Any CPU
		{A644FC79-37C6-4628-8523-5EB8A0EFDB61}.Release|Any CPU.Build.0 = Release|Any CPU
	EndGlobalSection
	GlobalSection(SolutionProperties) = preSolution
		HideSolutionNode = FALSE
	EndGlobalSection
	GlobalSection(ExtensibilityGlobals) = postSolution
		SolutionGuid = {42FDF6D8-836F-4308-B647-C02AB63E3FA1}
	EndGlobalSection
EndGlobal
